
Microsoft Visual Studio Solution File, Format Version 12.00
# Visual Studio Version 16
VisualStudioVersion = 16.0.31129.286
MinimumVisualStudioVersion = 10.0.40219.1
Project("{8BC9CEB8-8B4A-11D0-8D11-00A0C91BC942}") = "1 Initialize an instance", "1 Initialize an instance\1 Initialize an instance.vcxproj", "{C0FC879E-463B-4166-8B56-3C94E4F3A907}"
EndProject
Project("{8BC9CEB8-8B4A-11D0-8D11-00A0C91BC942}") = "2 Vertex and Fragment Shaders", "2 Vertex and Fragment Shaders\2 Vertex and Fragment Shaders.vcxproj", "{9BC6652A-0060-4217-89BB-2AB769BFD5F5}"
EndProject
Project("{8BC9CEB8-8B4A-11D0-8D11-00A0C91BC942}") = "3 GLSL Error Handling", "3 GLSL Error Handling\3 GLSL Error Handling.vcxproj", "{D81A0F1D-4D7E-443C-96AD-A7B1C923D1AA}"
EndProject
Global
	GlobalSection(SolutionConfigurationPlatforms) = preSolution
		Debug|x64 = Debug|x64
		Debug|x86 = Debug|x86
		Release|x64 = Release|x64
		Release|x86 = Release|x86
	EndGlobalSection
	GlobalSection(ProjectConfigurationPlatforms) = postSolution
		{C0FC879E-463B-4166-8B56-3C94E4F3A907}.Debug|x64.ActiveCfg = Debug|x64
		{C0FC879E-463B-4166-8B56-3C94E4F3A907}.Debug|x64.Build.0 = Debug|x64
		{C0FC879E-463B-4166-8B56-3C94E4F3A907}.Debug|x86.ActiveCfg = Debug|Win32
		{C0FC879E-463B-4166-8B56-3C94E4F3A907}.Debug|x86.Build.0 = Debug|Win32
		{C0FC879E-463B-4166-8B56-3C94E4F3A907}.Release|x64.ActiveCfg = Release|x64
		{C0FC879E-463B-4166-8B56-3C94E4F3A907}.Release|x64.Build.0 = Release|x64
		{C0FC879E-463B-4166-8B56-3C94E4F3A907}.Release|x86.ActiveCfg = Release|Win32
		{C0FC879E-463B-4166-8B56-3C94E4F3A907}.Release|x86.Build.0 = Release|Win32
		{9BC6652A-0060-4217-89BB-2AB769BFD5F5}.Debug|x64.ActiveCfg = Debug|x64
		{9BC6652A-0060-4217-89BB-2AB769BFD5F5}.Debug|x64.Build.0 = Debug|x64
		{9BC6652A-0060-4217-89BB-2AB769BFD5F5}.Debug|x86.ActiveCfg = Debug|Win32
		{9BC6652A-0060-4217-89BB-2AB769BFD5F5}.Debug|x86.Build.0 = Debug|Win32
		{9BC6652A-0060-4217-89BB-2AB769BFD5F5}.Release|x64.ActiveCfg = Release|x64
		{9BC6652A-0060-4217-89BB-2AB769BFD5F5}.Release|x64.Build.0 = Release|x64
		{9BC6652A-0060-4217-89BB-2AB769BFD5F5}.Release|x86.ActiveCfg = Release|Win32
		{9BC6652A-0060-4217-89BB-2AB769BFD5F5}.Release|x86.Build.0 = Release|Win32
		{D81A0F1D-4D7E-443C-96AD-A7B1C923D1AA}.Debug|x64.ActiveCfg = Debug|x64
		{D81A0F1D-4D7E-443C-96AD-A7B1C923D1AA}.Debug|x64.Build.0 = Debug|x64
		{D81A0F1D-4D7E-443C-96AD-A7B1C923D1AA}.Debug|x86.ActiveCfg = Debug|Win32
		{D81A0F1D-4D7E-443C-96AD-A7B1C923D1AA}.Debug|x86.Build.0 = Debug|Win32
		{D81A0F1D-4D7E-443C-96AD-A7B1C923D1AA}.Release|x64.ActiveCfg = Release|x64
		{D81A0F1D-4D7E-443C-96AD-A7B1C923D1AA}.Release|x64.Build.0 = Release|x64
		{D81A0F1D-4D7E-443C-96AD-A7B1C923D1AA}.Release|x86.ActiveCfg = Release|Win32
		{D81A0F1D-4D7E-443C-96AD-A7B1C923D1AA}.Release|x86.Build.0 = Release|Win32
	EndGlobalSection
	GlobalSection(SolutionProperties) = preSolution
		HideSolutionNode = FALSE
	EndGlobalSection
	GlobalSection(ExtensibilityGlobals) = postSolution
		SolutionGuid = {EAF97688-C6C4-4C85-A788-7D526365EF7F}
	EndGlobalSection
EndGlobal
