
Microsoft Visual Studio Solution File, Format Version 12.00
# Visual Studio Version 16
VisualStudioVersion = 16.0.31129.286
MinimumVisualStudioVersion = 10.0.40219.1
Project("{8BC9CEB8-8B4A-11D0-8D11-00A0C91BC942}") = "1 Getting Started", "1 Getting Started\1 Getting Started.vcxproj", "{C0FC879E-463B-4166-8B56-3C94E4F3A907}"
EndProject
Project("{8BC9CEB8-8B4A-11D0-8D11-00A0C91BC942}") = "2 Vertex and Fragment Shaders", "2 Vertex and Fragment Shaders\2 Vertex and Fragment Shaders.vcxproj", "{9BC6652A-0060-4217-89BB-2AB769BFD5F5}"
EndProject
Project("{8BC9CEB8-8B4A-11D0-8D11-00A0C91BC942}") = "3 GLSL Error Handling", "3 GLSL Error Handling\3 GLSL Error Handling.vcxproj", "{D81A0F1D-4D7E-443C-96AD-A7B1C923D1AA}"
EndProject
Project("{8BC9CEB8-8B4A-11D0-8D11-00A0C91BC942}") = "4 Using External Shader Files", "4 Using External Shader Files\4 Using External Shader Files.vcxproj", "{90051B38-F27A-49C5-BAE8-6E2AC51993BB}"
EndProject
Project("{8BC9CEB8-8B4A-11D0-8D11-00A0C91BC942}") = "5 Drawing a Traingle", "5 Drawing a Traingle\5 Drawing a Traingle.vcxproj", "{2372648C-2E3F-4411-B324-6DF4C0B75DC8}"
EndProject
Project("{8BC9CEB8-8B4A-11D0-8D11-00A0C91BC942}") = "6 Animating The Triangle", "6 Animating The Triangle\6 Animating The Triangle.vcxproj", "{798347D3-972D-4A40-B654-8006C820E855}"
EndProject
Project("{8BC9CEB8-8B4A-11D0-8D11-00A0C91BC942}") = "7 Static Transformation", "7 Static Transformation\7 Static Transformation.vcxproj", "{D5AAD040-DF8C-4FFB-9E26-807DD0A9AF35}"
EndProject
Global
	GlobalSection(SolutionConfigurationPlatforms) = preSolution
		Debug|x64 = Debug|x64
		Debug|x86 = Debug|x86
		Release|x64 = Release|x64
		Release|x86 = Release|x86
	EndGlobalSection
	GlobalSection(ProjectConfigurationPlatforms) = postSolution
		{C0FC879E-463B-4166-8B56-3C94E4F3A907}.Debug|x64.ActiveCfg = Debug|x64
		{C0FC879E-463B-4166-8B56-3C94E4F3A907}.Debug|x64.Build.0 = Debug|x64
		{C0FC879E-463B-4166-8B56-3C94E4F3A907}.Debug|x86.ActiveCfg = Debug|Win32
		{C0FC879E-463B-4166-8B56-3C94E4F3A907}.Debug|x86.Build.0 = Debug|Win32
		{C0FC879E-463B-4166-8B56-3C94E4F3A907}.Release|x64.ActiveCfg = Release|x64
		{C0FC879E-463B-4166-8B56-3C94E4F3A907}.Release|x64.Build.0 = Release|x64
		{C0FC879E-463B-4166-8B56-3C94E4F3A907}.Release|x86.ActiveCfg = Release|Win32
		{C0FC879E-463B-4166-8B56-3C94E4F3A907}.Release|x86.Build.0 = Release|Win32
		{9BC6652A-0060-4217-89BB-2AB769BFD5F5}.Debug|x64.ActiveCfg = Debug|x64
		{9BC6652A-0060-4217-89BB-2AB769BFD5F5}.Debug|x64.Build.0 = Debug|x64
		{9BC6652A-0060-4217-89BB-2AB769BFD5F5}.Debug|x86.ActiveCfg = Debug|Win32
		{9BC6652A-0060-4217-89BB-2AB769BFD5F5}.Debug|x86.Build.0 = Debug|Win32
		{9BC6652A-0060-4217-89BB-2AB769BFD5F5}.Release|x64.ActiveCfg = Release|x64
		{9BC6652A-0060-4217-89BB-2AB769BFD5F5}.Release|x64.Build.0 = Release|x64
		{9BC6652A-0060-4217-89BB-2AB769BFD5F5}.Release|x86.ActiveCfg = Release|Win32
		{9BC6652A-0060-4217-89BB-2AB769BFD5F5}.Release|x86.Build.0 = Release|Win32
		{D81A0F1D-4D7E-443C-96AD-A7B1C923D1AA}.Debug|x64.ActiveCfg = Debug|x64
		{D81A0F1D-4D7E-443C-96AD-A7B1C923D1AA}.Debug|x64.Build.0 = Debug|x64
		{D81A0F1D-4D7E-443C-96AD-A7B1C923D1AA}.Debug|x86.ActiveCfg = Debug|Win32
		{D81A0F1D-4D7E-443C-96AD-A7B1C923D1AA}.Debug|x86.Build.0 = Debug|Win32
		{D81A0F1D-4D7E-443C-96AD-A7B1C923D1AA}.Release|x64.ActiveCfg = Release|x64
		{D81A0F1D-4D7E-443C-96AD-A7B1C923D1AA}.Release|x64.Build.0 = Release|x64
		{D81A0F1D-4D7E-443C-96AD-A7B1C923D1AA}.Release|x86.ActiveCfg = Release|Win32
		{D81A0F1D-4D7E-443C-96AD-A7B1C923D1AA}.Release|x86.Build.0 = Release|Win32
		{90051B38-F27A-49C5-BAE8-6E2AC51993BB}.Debug|x64.ActiveCfg = Debug|x64
		{90051B38-F27A-49C5-BAE8-6E2AC51993BB}.Debug|x64.Build.0 = Debug|x64
		{90051B38-F27A-49C5-BAE8-6E2AC51993BB}.Debug|x86.ActiveCfg = Debug|Win32
		{90051B38-F27A-49C5-BAE8-6E2AC51993BB}.Debug|x86.Build.0 = Debug|Win32
		{90051B38-F27A-49C5-BAE8-6E2AC51993BB}.Release|x64.ActiveCfg = Release|x64
		{90051B38-F27A-49C5-BAE8-6E2AC51993BB}.Release|x64.Build.0 = Release|x64
		{90051B38-F27A-49C5-BAE8-6E2AC51993BB}.Release|x86.ActiveCfg = Release|Win32
		{90051B38-F27A-49C5-BAE8-6E2AC51993BB}.Release|x86.Build.0 = Release|Win32
		{2372648C-2E3F-4411-B324-6DF4C0B75DC8}.Debug|x64.ActiveCfg = Debug|x64
		{2372648C-2E3F-4411-B324-6DF4C0B75DC8}.Debug|x64.Build.0 = Debug|x64
		{2372648C-2E3F-4411-B324-6DF4C0B75DC8}.Debug|x86.ActiveCfg = Debug|Win32
		{2372648C-2E3F-4411-B324-6DF4C0B75DC8}.Debug|x86.Build.0 = Debug|Win32
		{2372648C-2E3F-4411-B324-6DF4C0B75DC8}.Release|x64.ActiveCfg = Release|x64
		{2372648C-2E3F-4411-B324-6DF4C0B75DC8}.Release|x64.Build.0 = Release|x64
		{2372648C-2E3F-4411-B324-6DF4C0B75DC8}.Release|x86.ActiveCfg = Release|Win32
		{2372648C-2E3F-4411-B324-6DF4C0B75DC8}.Release|x86.Build.0 = Release|Win32
		{798347D3-972D-4A40-B654-8006C820E855}.Debug|x64.ActiveCfg = Debug|x64
		{798347D3-972D-4A40-B654-8006C820E855}.Debug|x64.Build.0 = Debug|x64
		{798347D3-972D-4A40-B654-8006C820E855}.Debug|x86.ActiveCfg = Debug|Win32
		{798347D3-972D-4A40-B654-8006C820E855}.Debug|x86.Build.0 = Debug|Win32
		{798347D3-972D-4A40-B654-8006C820E855}.Release|x64.ActiveCfg = Release|x64
		{798347D3-972D-4A40-B654-8006C820E855}.Release|x64.Build.0 = Release|x64
		{798347D3-972D-4A40-B654-8006C820E855}.Release|x86.ActiveCfg = Release|Win32
		{798347D3-972D-4A40-B654-8006C820E855}.Release|x86.Build.0 = Release|Win32
		{D5AAD040-DF8C-4FFB-9E26-807DD0A9AF35}.Debug|x64.ActiveCfg = Debug|x64
		{D5AAD040-DF8C-4FFB-9E26-807DD0A9AF35}.Debug|x64.Build.0 = Debug|x64
		{D5AAD040-DF8C-4FFB-9E26-807DD0A9AF35}.Debug|x86.ActiveCfg = Debug|Win32
		{D5AAD040-DF8C-4FFB-9E26-807DD0A9AF35}.Debug|x86.Build.0 = Debug|Win32
		{D5AAD040-DF8C-4FFB-9E26-807DD0A9AF35}.Release|x64.ActiveCfg = Release|x64
		{D5AAD040-DF8C-4FFB-9E26-807DD0A9AF35}.Release|x64.Build.0 = Release|x64
		{D5AAD040-DF8C-4FFB-9E26-807DD0A9AF35}.Release|x86.ActiveCfg = Release|Win32
		{D5AAD040-DF8C-4FFB-9E26-807DD0A9AF35}.Release|x86.Build.0 = Release|Win32
	EndGlobalSection
	GlobalSection(SolutionProperties) = preSolution
		HideSolutionNode = FALSE
	EndGlobalSection
	GlobalSection(ExtensibilityGlobals) = postSolution
		SolutionGuid = {EAF97688-C6C4-4C85-A788-7D526365EF7F}
	EndGlobalSection
EndGlobal
